
Microsoft Visual Studio Solution File, Format Version 12.00
# Visual Studio 15
VisualStudioVersion = 15.0.28307.572
MinimumVisualStudioVersion = 10.0.40219.1
Project("{FAE04EC0-301F-11D3-BF4B-00C04F79EFBC}") = "vs-workflow", "vs-workflow\vs-workflow.csproj", "{7766D3BC-C6D7-46D0-BD9B-9BDBDF1E0415}"
EndProject
Global
	GlobalSection(SolutionConfigurationPlatforms) = preSolution
		Debug|Any CPU = Debug|Any CPU
		Release|Any CPU = Release|Any CPU
	EndGlobalSection
	GlobalSection(ProjectConfigurationPlatforms) = postSolution
		{7766D3BC-C6D7-46D0-BD9B-9BDBDF1E0415}.Debug|Any CPU.ActiveCfg = Debug|Any CPU
		{7766D3BC-C6D7-46D0-BD9B-9BDBDF1E0415}.Debug|Any CPU.Build.0 = Debug|Any CPU
		{7766D3BC-C6D7-46D0-BD9B-9BDBDF1E0415}.Release|Any CPU.ActiveCfg = Release|Any CPU
		{7766D3BC-C6D7-46D0-BD9B-9BDBDF1E0415}.Release|Any CPU.Build.0 = Release|Any CPU
	EndGlobalSection
	GlobalSection(SolutionProperties) = preSolution
		HideSolutionNode = FALSE
	EndGlobalSection
	GlobalSection(ExtensibilityGlobals) = postSolution
		SolutionGuid = {F9D72157-008D-47CB-A0FD-32F594DF8BF7}
	EndGlobalSection
EndGlobal
